// !$*UTF8*$!
{
	archiveVersion = 1;
	classes = {
	};
	objectVersion = 77;
	objects = {

/* Begin PBXContainerItemProxy section */
		2A0159D52DE9AC6200986ADA /* PBXContainerItemProxy */ = {
			isa = PBXContainerItemProxy;
			containerPortal = 2A0159B32DE9AC6100986ADA /* Project object */;
			proxyType = 1;
			remoteGlobalIDString = 2A0159BA2DE9AC6100986ADA;
			remoteInfo = dengta100;
		};
		2A0159DF2DE9AC6300986ADA /* PBXContainerItemProxy */ = {
			isa = PBXContainerItemProxy;
			containerPortal = 2A0159B32DE9AC6100986ADA /* Project object */;
			proxyType = 1;
			remoteGlobalIDString = 2A0159BA2DE9AC6100986ADA;
			remoteInfo = dengta100;
		};
/* End PBXContainerItemProxy section */

/* Begin PBXFileReference section */
		2A0159BB2DE9AC6100986ADA /* dengta100.app */ = {isa = PBXFileReference; explicitFileType = wrapper.application; includeInIndex = 0; path = dengta100.app; sourceTree = BUILT_PRODUCTS_DIR; };
		2A0159D42DE9AC6200986ADA /* dengta100Tests.xctest */ = {isa = PBXFileReference; explicitFileType = wrapper.cfbundle; includeInIndex = 0; path = dengta100Tests.xctest; sourceTree = BUILT_PRODUCTS_DIR; };
		2A0159DE2DE9AC6300986ADA /* dengta100UITests.xctest */ = {isa = PBXFileReference; explicitFileType = wrapper.cfbundle; includeInIndex = 0; path = dengta100UITests.xctest; sourceTree = BUILT_PRODUCTS_DIR; };
/* End PBXFileReference section */

/* Begin PBXFileSystemSynchronizedRootGroup section */
		2A0159BD2DE9AC6100986ADA /* dengta100 */ = {
			isa = PBXFileSystemSynchronizedRootGroup;
			path = dengta100;
			sourceTree = "<group>";
		};
		2A0159D72DE9AC6200986ADA /* dengta100Tests */ = {
			isa = PBXFileSystemSynchronizedRootGroup;
			path = dengta100Tests;
			sourceTree = "<group>";
		};
		2A0159E12DE9AC6300986ADA /* dengta100UITests */ = {
			isa = PBXFileSystemSynchronizedRootGroup;
			path = dengta100UITests;
			sourceTree = "<group>";
		};
/* End PBXFileSystemSynchronizedRootGroup section */

/* Begin PBXFrameworksBuildPhase section */
		2A0159B82DE9AC6100986ADA /* Frameworks */ = {
			isa = PBXFrameworksBuildPhase;
			buildActionMask = 2147483647;
			files = (
			);
			runOnlyForDeploymentPostprocessing = 0;
		};
		2A0159D12DE9AC6200986ADA /* Frameworks */ = {
			isa = PBXFrameworksBuildPhase;
			buildActionMask = 2147483647;
			files = (
			);
			runOnlyForDeploymentPostprocessing = 0;
		};
		2A0159DB2DE9AC6300986ADA /* Frameworks */ = {
			isa = PBXFrameworksBuildPhase;
			buildActionMask = 2147483647;
			files = (
			);
			runOnlyForDeploymentPostprocessing = 0;
		};
/* End PBXFrameworksBuildPhase section */

/* Begin PBXGroup section */
		2A0159B22DE9AC6100986ADA = {
			isa = PBXGroup;
			children = (
				2A0159BD2DE9AC6100986ADA /* dengta100 */,
				2A0159D72DE9AC6200986ADA /* dengta100Tests */,
				2A0159E12DE9AC6300986ADA /* dengta100UITests */,
				2A0159BC2DE9AC6100986ADA /* Products */,
			);
			sourceTree = "<group>";
		};
		2A0159BC2DE9AC6100986ADA /* Products */ = {
			isa = PBXGroup;
			children = (
				2A0159BB2DE9AC6100986ADA /* dengta100.app */,
				2A0159D42DE9AC6200986ADA /* dengta100Tests.xctest */,
				2A0159DE2DE9AC6300986ADA /* dengta100UITests.xctest */,
			);
			name = Products;
			sourceTree = "<group>";
		};
/* End PBXGroup section */

/* Begin PBXNativeTarget section */
		2A0159BA2DE9AC6100986ADA /* dengta100 */ = {
			isa = PBXNativeTarget;
			buildConfigurationList = 2A0159E82DE9AC6300986ADA /* Build configuration list for PBXNativeTarget "dengta100" */;
			buildPhases = (
				2A0159B72DE9AC6100986ADA /* Sources */,
				2A0159B82DE9AC6100986ADA /* Frameworks */,
				2A0159B92DE9AC6100986ADA /* Resources */,
			);
			buildRules = (
			);
			dependencies = (
			);
			fileSystemSynchronizedGroups = (
				2A0159BD2DE9AC6100986ADA /* dengta100 */,
			);
			name = dengta100;
			packageProductDependencies = (
			);
			productName = dengta100;
			productReference = 2A0159BB2DE9AC6100986ADA /* dengta100.app */;
			productType = "com.apple.product-type.application";
		};
		2A0159D32DE9AC6200986ADA /* dengta100Tests */ = {
			isa = PBXNativeTarget;
			buildConfigurationList = 2A0159EB2DE9AC6300986ADA /* Build configuration list for PBXNativeTarget "dengta100Tests" */;
			buildPhases = (
				2A0159D02DE9AC6200986ADA /* Sources */,
				2A0159D12DE9AC6200986ADA /* Frameworks */,
				2A0159D22DE9AC6200986ADA /* Resources */,
			);
			buildRules = (
			);
			dependencies = (
				2A0159D62DE9AC6200986ADA /* PBXTargetDependency */,
			);
			fileSystemSynchronizedGroups = (
				2A0159D72DE9AC6200986ADA /* dengta100Tests */,
			);
			name = dengta100Tests;
			packageProductDependencies = (
			);
			productName = dengta100Tests;
			productReference = 2A0159D42DE9AC6200986ADA /* dengta100Tests.xctest */;
			productType = "com.apple.product-type.bundle.unit-test";
		};
		2A0159DD2DE9AC6300986ADA /* dengta100UITests */ = {
			isa = PBXNativeTarget;
			buildConfigurationList = 2A0159EE2DE9AC6300986ADA /* Build configuration list for PBXNativeTarget "dengta100UITests" */;
			buildPhases = (
				2A0159DA2DE9AC6300986ADA /* Sources */,
				2A0159DB2DE9AC6300986ADA /* Frameworks */,
				2A0159DC2DE9AC6300986ADA /* Resources */,
			);
			buildRules = (
			);
			dependencies = (
				2A0159E02DE9AC6300986ADA /* PBXTargetDependency */,
			);
			fileSystemSynchronizedGroups = (
				2A0159E12DE9AC6300986ADA /* dengta100UITests */,
			);
			name = dengta100UITests;
			packageProductDependencies = (
			);
			productName = dengta100UITests;
			productReference = 2A0159DE2DE9AC6300986ADA /* dengta100UITests.xctest */;
			productType = "com.apple.product-type.bundle.ui-testing";
		};
/* End PBXNativeTarget section */

/* Begin PBXProject section */
		2A0159B32DE9AC6100986ADA /* Project object */ = {
			isa = PBXProject;
			attributes = {
				BuildIndependentTargetsInParallel = 1;
				LastSwiftUpdateCheck = 1630;
				LastUpgradeCheck = 1630;
				TargetAttributes = {
					2A0159BA2DE9AC6100986ADA = {
						CreatedOnToolsVersion = 16.3;
					};
					2A0159D32DE9AC6200986ADA = {
						CreatedOnToolsVersion = 16.3;
						TestTargetID = 2A0159BA2DE9AC6100986ADA;
					};
					2A0159DD2DE9AC6300986ADA = {
						CreatedOnToolsVersion = 16.3;
						TestTargetID = 2A0159BA2DE9AC6100986ADA;
					};
				};
			};
			buildConfigurationList = 2A0159B62DE9AC6100986ADA /* Build configuration list for PBXProject "dengta100" */;
			developmentRegion = en;
			hasScannedForEncodings = 0;
			knownRegions = (
				en,
				Base,
			);
			mainGroup = 2A0159B22DE9AC6100986ADA;
			minimizedProjectReferenceProxies = 1;
			preferredProjectObjectVersion = 77;
			productRefGroup = 2A0159BC2DE9AC6100986ADA /* Products */;
			projectDirPath = "";
			projectRoot = "";
			targets = (
				2A0159BA2DE9AC6100986ADA /* dengta100 */,
				2A0159D32DE9AC6200986ADA /* dengta100Tests */,
				2A0159DD2DE9AC6300986ADA /* dengta100UITests */,
			);
		};
/* End PBXProject section */

/* Begin PBXResourcesBuildPhase section */
		2A0159B92DE9AC6100986ADA /* Resources */ = {
			isa = PBXResourcesBuildPhase;
			buildActionMask = 2147483647;
			files = (
			);
			runOnlyForDeploymentPostprocessing = 0;
		};
		2A0159D22DE9AC6200986ADA /* Resources */ = {
			isa = PBXResourcesBuildPhase;
			buildActionMask = 2147483647;
			files = (
			);
			runOnlyForDeploymentPostprocessing = 0;
		};
		2A0159DC2DE9AC6300986ADA /* Resources */ = {
			isa = PBXResourcesBuildPhase;
			buildActionMask = 2147483647;
			files = (
			);
			runOnlyForDeploymentPostprocessing = 0;
		};
/* End PBXResourcesBuildPhase section */

/* Begin PBXSourcesBuildPhase section */
		2A0159B72DE9AC6100986ADA /* Sources */ = {
			isa = PBXSourcesBuildPhase;
			buildActionMask = 2147483647;
			files = (
			);
			runOnlyForDeploymentPostprocessing = 0;
		};
		2A0159D02DE9AC6200986ADA /* Sources */ = {
			isa = PBXSourcesBuildPhase;
			buildActionMask = 2147483647;
			files = (
			);
			runOnlyForDeploymentPostprocessing = 0;
		};
		2A0159DA2DE9AC6300986ADA /* Sources */ = {
			isa = PBXSourcesBuildPhase;
			buildActionMask = 2147483647;
			files = (
			);
			runOnlyForDeploymentPostprocessing = 0;
		};
/* End PBXSourcesBuildPhase section */

/* Begin PBXTargetDependency section */
		2A0159D62DE9AC6200986ADA /* PBXTargetDependency */ = {
			isa = PBXTargetDependency;
			target = 2A0159BA2DE9AC6100986ADA /* dengta100 */;
			targetProxy = 2A0159D52DE9AC6200986ADA /* PBXContainerItemProxy */;
		};
		2A0159E02DE9AC6300986ADA /* PBXTargetDependency */ = {
			isa = PBXTargetDependency;
			target = 2A0159BA2DE9AC6100986ADA /* dengta100 */;
			targetProxy = 2A0159DF2DE9AC6300986ADA /* PBXContainerItemProxy */;
		};
/* End PBXTargetDependency section */

/* Begin XCBuildConfiguration section */
		2A0159E62DE9AC6300986ADA /* Debug */ = {
			isa = XCBuildConfiguration;
			buildSettings = {
				ALWAYS_SEARCH_USER_PATHS = NO;
				ASSETCATALOG_COMPILER_GENERATE_SWIFT_ASSET_SYMBOL_EXTENSIONS = YES;
				CLANG_ANALYZER_NONNULL = YES;
				CLANG_ANALYZER_NUMBER_OBJECT_CONVERSION = YES_AGGRESSIVE;
				CLANG_CXX_LANGUAGE_STANDARD = "gnu++20";
				CLANG_ENABLE_MODULES = YES;
				CLANG_ENABLE_OBJC_ARC = YES;
				CLANG_ENABLE_OBJC_WEAK = YES;
				CLANG_WARN_BLOCK_CAPTURE_AUTORELEASING = YES;
				CLANG_WARN_BOOL_CONVERSION = YES;
				CLANG_WARN_COMMA = YES;
				CLANG_WARN_CONSTANT_CONVERSION = YES;
				CLANG_WARN_DEPRECATED_OBJC_IMPLEMENTATIONS = YES;
				CLANG_WARN_DIRECT_OBJC_ISA_USAGE = YES_ERROR;
				CLANG_WARN_DOCUMENTATION_COMMENTS = YES;
				CLANG_WARN_EMPTY_BODY = YES;
				CLANG_WARN_ENUM_CONVERSION = YES;
				CLANG_WARN_INFINITE_RECURSION = YES;
				CLANG_WARN_INT_CONVERSION = YES;
				CLANG_WARN_NON_LITERAL_NULL_CONVERSION = YES;
				CLANG_WARN_OBJC_IMPLICIT_RETAIN_SELF = YES;
				CLANG_WARN_OBJC_LITERAL_CONVERSION = YES;
				CLANG_WARN_OBJC_ROOT_CLASS = YES_ERROR;
				CLANG_WARN_QUOTED_INCLUDE_IN_FRAMEWORK_HEADER = YES;
				CLANG_WARN_RANGE_LOOP_ANALYSIS = YES;
				CLANG_WARN_STRICT_PROTOTYPES = YES;
				CLANG_WARN_SUSPICIOUS_MOVE = YES;
				CLANG_WARN_UNGUARDED_AVAILABILITY = YES_AGGRESSIVE;
				CLANG_WARN_UNREACHABLE_CODE = YES;
				CLANG_WARN__DUPLICATE_METHOD_MATCH = YES;
				COPY_PHASE_STRIP = NO;
				DEBUG_INFORMATION_FORMAT = dwarf;
				ENABLE_STRICT_OBJC_MSGSEND = YES;
				ENABLE_TESTABILITY = YES;
				ENABLE_USER_SCRIPT_SANDBOXING = YES;
				GCC_C_LANGUAGE_STANDARD = gnu17;
				GCC_DYNAMIC_NO_PIC = NO;
				GCC_NO_COMMON_BLOCKS = YES;
				GCC_OPTIMIZATION_LEVEL = 0;
				GCC_PREPROCESSOR_DEFINITIONS = (
					"DEBUG=1",
					"$(inherited)",
				);
				GCC_WARN_64_TO_32_BIT_CONVERSION = YES;
				GCC_WARN_ABOUT_RETURN_TYPE = YES_ERROR;
				GCC_WARN_UNDECLARED_SELECTOR = YES;
				GCC_WARN_UNINITIALIZED_AUTOS = YES_AGGRESSIVE;
				GCC_WARN_UNUSED_FUNCTION = YES;
				GCC_WARN_UNUSED_VARIABLE = YES;
				IPHONEOS_DEPLOYMENT_TARGET = 18.4;
				LOCALIZATION_PREFERS_STRING_CATALOGS = YES;
				MTL_ENABLE_DEBUG_INFO = INCLUDE_SOURCE;
				MTL_FAST_MATH = YES;
				ONLY_ACTIVE_ARCH = YES;
				SDKROOT = iphoneos;
				SWIFT_ACTIVE_COMPILATION_CONDITIONS = "DEBUG $(inherited)";
				SWIFT_OPTIMIZATION_LEVEL = "-Onone";
			};
			name = Debug;
		};
		2A0159E72DE9AC6300986ADA /* Release */ = {
			isa = XCBuildConfiguration;
			buildSettings = {
				ALWAYS_SEARCH_USER_PATHS = NO;
				ASSETCATALOG_COMPILER_GENERATE_SWIFT_ASSET_SYMBOL_EXTENSIONS = YES;
				CLANG_ANALYZER_NONNULL = YES;
				CLANG_ANALYZER_NUMBER_OBJECT_CONVERSION = YES_AGGRESSIVE;
				CLANG_CXX_LANGUAGE_STANDARD = "gnu++20";
				CLANG_ENABLE_MODULES = YES;
				CLANG_ENABLE_OBJC_ARC = YES;
				CLANG_ENABLE_OBJC_WEAK = YES;
				CLANG_WARN_BLOCK_CAPTURE_AUTORELEASING = YES;
				CLANG_WARN_BOOL_CONVERSION = YES;
				CLANG_WARN_COMMA = YES;
				CLANG_WARN_CONSTANT_CONVERSION = YES;
				CLANG_WARN_DEPRECATED_OBJC_IMPLEMENTATIONS = YES;
				CLANG_WARN_DIRECT_OBJC_ISA_USAGE = YES_ERROR;
				CLANG_WARN_DOCUMENTATION_COMMENTS = YES;
				CLANG_WARN_EMPTY_BODY = YES;
				CLANG_WARN_ENUM_CONVERSION = YES;
				CLANG_WARN_INFINITE_RECURSION = YES;
				CLANG_WARN_INT_CONVERSION = YES;
				CLANG_WARN_NON_LITERAL_NULL_CONVERSION = YES;
				CLANG_WARN_OBJC_IMPLICIT_RETAIN_SELF = YES;
				CLANG_WARN_OBJC_LITERAL_CONVERSION = YES;
				CLANG_WARN_OBJC_ROOT_CLASS = YES_ERROR;
				CLANG_WARN_QUOTED_INCLUDE_IN_FRAMEWORK_HEADER = YES;
				CLANG_WARN_RANGE_LOOP_ANALYSIS = YES;
				CLANG_WARN_STRICT_PROTOTYPES = YES;
				CLANG_WARN_SUSPICIOUS_MOVE = YES;
				CLANG_WARN_UNGUARDED_AVAILABILITY = YES_AGGRESSIVE;
				CLANG_WARN_UNREACHABLE_CODE = YES;
				CLANG_WARN__DUPLICATE_METHOD_MATCH = YES;
				COPY_PHASE_STRIP = NO;
				DEBUG_INFORMATION_FORMAT = "dwarf-with-dsym";
				ENABLE_NS_ASSERTIONS = NO;
				ENABLE_STRICT_OBJC_MSGSEND = YES;
				ENABLE_USER_SCRIPT_SANDBOXING = YES;
				GCC_C_LANGUAGE_STANDARD = gnu17;
				GCC_NO_COMMON_BLOCKS = YES;
				GCC_WARN_64_TO_32_BIT_CONVERSION = YES;
				GCC_WARN_ABOUT_RETURN_TYPE = YES_ERROR;
				GCC_WARN_UNDECLARED_SELECTOR = YES;
				GCC_WARN_UNINITIALIZED_AUTOS = YES_AGGRESSIVE;
				GCC_WARN_UNUSED_FUNCTION = YES;
				GCC_WARN_UNUSED_VARIABLE = YES;
				IPHONEOS_DEPLOYMENT_TARGET = 18.4;
				LOCALIZATION_PREFERS_STRING_CATALOGS = YES;
				MTL_ENABLE_DEBUG_INFO = NO;
				MTL_FAST_MATH = YES;
				SDKROOT = iphoneos;
				SWIFT_COMPILATION_MODE = wholemodule;
				VALIDATE_PRODUCT = YES;
			};
			name = Release;
		};
		2A0159E92DE9AC6300986ADA /* Debug */ = {
			isa = XCBuildConfiguration;
			buildSettings = {
				ASSETCATALOG_COMPILER_APPICON_NAME = AppIcon;
				ASSETCATALOG_COMPILER_GLOBAL_ACCENT_COLOR_NAME = AccentColor;
				CODE_SIGN_STYLE = Automatic;
				CURRENT_PROJECT_VERSION = 1;
				GENERATE_INFOPLIST_FILE = YES;
				INFOPLIST_KEY_UIApplicationSupportsIndirectInputEvents = YES;
				INFOPLIST_KEY_UILaunchStoryboardName = LaunchScreen;
				INFOPLIST_KEY_UIMainStoryboardFile = Main;
				INFOPLIST_KEY_UIStatusBarHidden = YES;
				INFOPLIST_KEY_UISupportedInterfaceOrientations_iPad = "UIInterfaceOrientationPortrait UIInterfaceOrientationPortraitUpsideDown UIInterfaceOrientationLandscapeLeft UIInterfaceOrientationLandscapeRight";
				INFOPLIST_KEY_UISupportedInterfaceOrientations_iPhone = "UIInterfaceOrientationPortrait UIInterfaceOrientationLandscapeLeft UIInterfaceOrientationLandscapeRight";
				LD_RUNPATH_SEARCH_PATHS = (
					"$(inherited)",
					"@executable_path/Frameworks",
				);
				MARKETING_VERSION = 1.0;
				PRODUCT_BUNDLE_IDENTIFIER = com.bengg.dengta100;
				PRODUCT_NAME = "$(TARGET_NAME)";
				SWIFT_EMIT_LOC_STRINGS = YES;
				SWIFT_VERSION = 5.0;
				TARGETED_DEVICE_FAMILY = "1,2";
			};
			name = Debug;
		};
		2A0159EA2DE9AC6300986ADA /* Release */ = {
			isa = XCBuildConfiguration;
			buildSettings = {
				ASSETCATALOG_COMPILER_APPICON_NAME = AppIcon;
				ASSETCATALOG_COMPILER_GLOBAL_ACCENT_COLOR_NAME = AccentColor;
				CODE_SIGN_STYLE = Automatic;
				CURRENT_PROJECT_VERSION = 1;
				GENERATE_INFOPLIST_FILE = YES;
				INFOPLIST_KEY_UIApplicationSupportsIndirectInputEvents = YES;
				INFOPLIST_KEY_UILaunchStoryboardName = LaunchScreen;
				INFOPLIST_KEY_UIMainStoryboardFile = Main;
				INFOPLIST_KEY_UIStatusBarHidden = YES;
				INFOPLIST_KEY_UISupportedInterfaceOrientations_iPad = "UIInterfaceOrientationPortrait UIInterfaceOrientationPortraitUpsideDown UIInterfaceOrientationLandscapeLeft UIInterfaceOrientationLandscapeRight";
				INFOPLIST_KEY_UISupportedInterfaceOrientations_iPhone = "UIInterfaceOrientationPortrait UIInterfaceOrientationLandscapeLeft UIInterfaceOrientationLandscapeRight";
				LD_RUNPATH_SEARCH_PATHS = (
					"$(inherited)",
					"@executable_path/Frameworks",
				);
				MARKETING_VERSION = 1.0;
				PRODUCT_BUNDLE_IDENTIFIER = com.bengg.dengta100;
				PRODUCT_NAME = "$(TARGET_NAME)";
				SWIFT_EMIT_LOC_STRINGS = YES;
				SWIFT_VERSION = 5.0;
				TARGETED_DEVICE_FAMILY = "1,2";
			};
			name = Release;
		};
		2A0159EC2DE9AC6300986ADA /* Debug */ = {
			isa = XCBuildConfiguration;
			buildSettings = {
				BUNDLE_LOADER = "$(TEST_HOST)";
				CODE_SIGN_STYLE = Automatic;
				CURRENT_PROJECT_VERSION = 1;
				GENERATE_INFOPLIST_FILE = YES;
				IPHONEOS_DEPLOYMENT_TARGET = 18.4;
				MARKETING_VERSION = 1.0;
				PRODUCT_BUNDLE_IDENTIFIER = com.bengg.dengta100Tests;
				PRODUCT_NAME = "$(TARGET_NAME)";
				SWIFT_EMIT_LOC_STRINGS = NO;
				SWIFT_VERSION = 5.0;
				TARGETED_DEVICE_FAMILY = "1,2";
				TEST_HOST = "$(BUILT_PRODUCTS_DIR)/dengta100.app/$(BUNDLE_EXECUTABLE_FOLDER_PATH)/dengta100";
			};
			name = Debug;
		};
		2A0159ED2DE9AC6300986ADA /* Release */ = {
			isa = XCBuildConfiguration;
			buildSettings = {
				BUNDLE_LOADER = "$(TEST_HOST)";
				CODE_SIGN_STYLE = Automatic;
				CURRENT_PROJECT_VERSION = 1;
				GENERATE_INFOPLIST_FILE = YES;
				IPHONEOS_DEPLOYMENT_TARGET = 18.4;
				MARKETING_VERSION = 1.0;
				PRODUCT_BUNDLE_IDENTIFIER = com.bengg.dengta100Tests;
				PRODUCT_NAME = "$(TARGET_NAME)";
				SWIFT_EMIT_LOC_STRINGS = NO;
				SWIFT_VERSION = 5.0;
				TARGETED_DEVICE_FAMILY = "1,2";
				TEST_HOST = "$(BUILT_PRODUCTS_DIR)/dengta100.app/$(BUNDLE_EXECUTABLE_FOLDER_PATH)/dengta100";
			};
			name = Release;
		};
		2A0159EF2DE9AC6300986ADA /* Debug */ = {
			isa = XCBuildConfiguration;
			buildSettings = {
				CODE_SIGN_STYLE = Automatic;
				CURRENT_PROJECT_VERSION = 1;
				GENERATE_INFOPLIST_FILE = YES;
				MARKETING_VERSION = 1.0;
				PRODUCT_BUNDLE_IDENTIFIER = com.bengg.dengta100UITests;
				PRODUCT_NAME = "$(TARGET_NAME)";
				SWIFT_EMIT_LOC_STRINGS = NO;
				SWIFT_VERSION = 5.0;
				TARGETED_DEVICE_FAMILY = "1,2";
				TEST_TARGET_NAME = dengta100;
			};
			name = Debug;
		};
		2A0159F02DE9AC6300986ADA /* Release */ = {
			isa = XCBuildConfiguration;
			buildSettings = {
				CODE_SIGN_STYLE = Automatic;
				CURRENT_PROJECT_VERSION = 1;
				GENERATE_INFOPLIST_FILE = YES;
				MARKETING_VERSION = 1.0;
				PRODUCT_BUNDLE_IDENTIFIER = com.bengg.dengta100UITests;
				PRODUCT_NAME = "$(TARGET_NAME)";
				SWIFT_EMIT_LOC_STRINGS = NO;
				SWIFT_VERSION = 5.0;
				TARGETED_DEVICE_FAMILY = "1,2";
				TEST_TARGET_NAME = dengta100;
			};
			name = Release;
		};
/* End XCBuildConfiguration section */

/* Begin XCConfigurationList section */
		2A0159B62DE9AC6100986ADA /* Build configuration list for PBXProject "dengta100" */ = {
			isa = XCConfigurationList;
			buildConfigurations = (
				2A0159E62DE9AC6300986ADA /* Debug */,
				2A0159E72DE9AC6300986ADA /* Release */,
			);
			defaultConfigurationIsVisible = 0;
			defaultConfigurationName = Release;
		};
		2A0159E82DE9AC6300986ADA /* Build configuration list for PBXNativeTarget "dengta100" */ = {
			isa = XCConfigurationList;
			buildConfigurations = (
				2A0159E92DE9AC6300986ADA /* Debug */,
				2A0159EA2DE9AC6300986ADA /* Release */,
			);
			defaultConfigurationIsVisible = 0;
			defaultConfigurationName = Release;
		};
		2A0159EB2DE9AC6300986ADA /* Build configuration list for PBXNativeTarget "dengta100Tests" */ = {
			isa = XCConfigurationList;
			buildConfigurations = (
				2A0159EC2DE9AC6300986ADA /* Debug */,
				2A0159ED2DE9AC6300986ADA /* Release */,
			);
			defaultConfigurationIsVisible = 0;
			defaultConfigurationName = Release;
		};
		2A0159EE2DE9AC6300986ADA /* Build configuration list for PBXNativeTarget "dengta100UITests" */ = {
			isa = XCConfigurationList;
			buildConfigurations = (
				2A0159EF2DE9AC6300986ADA /* Debug */,
				2A0159F02DE9AC6300986ADA /* Release */,
			);
			defaultConfigurationIsVisible = 0;
			defaultConfigurationName = Release;
		};
/* End XCConfigurationList section */
	};
	rootObject = 2A0159B32DE9AC6100986ADA /* Project object */;
}
